
Microsoft Visual Studio Solution File, Format Version 12.00
# Visual Studio Version 16
VisualStudioVersion = 16.0.30907.101
MinimumVisualStudioVersion = 10.0.40219.1
Project("{FAE04EC0-301F-11D3-BF4B-00C04F79EFBC}") = "ServiceRegister", "ServiceRegister.csproj", "{966E7DD3-7C9C-4A86-902D-A133FA844E89}"
EndProject
Project("{FAE04EC0-301F-11D3-BF4B-00C04F79EFBC}") = "Entities", "..\Entities\Entities.csproj", "{61126C1F-ADB1-46CA-B1DE-011B4CF27095}"
EndProject
Project("{FAE04EC0-301F-11D3-BF4B-00C04F79EFBC}") = "DataBaseRefueller", "..\DataBaseRefueller\DataBaseRefueller.csproj", "{883C2CEC-0F16-4A31-BA72-04FA92B2085A}"
EndProject
Global
	GlobalSection(SolutionConfigurationPlatforms) = preSolution
		Debug|Any CPU = Debug|Any CPU
		Release|Any CPU = Release|Any CPU
	EndGlobalSection
	GlobalSection(ProjectConfigurationPlatforms) = postSolution
		{966E7DD3-7C9C-4A86-902D-A133FA844E89}.Debug|Any CPU.ActiveCfg = Debug|Any CPU
		{966E7DD3-7C9C-4A86-902D-A133FA844E89}.Debug|Any CPU.Build.0 = Debug|Any CPU
		{966E7DD3-7C9C-4A86-902D-A133FA844E89}.Release|Any CPU.ActiveCfg = Release|Any CPU
		{966E7DD3-7C9C-4A86-902D-A133FA844E89}.Release|Any CPU.Build.0 = Release|Any CPU
		{61126C1F-ADB1-46CA-B1DE-011B4CF27095}.Debug|Any CPU.ActiveCfg = Debug|Any CPU
		{61126C1F-ADB1-46CA-B1DE-011B4CF27095}.Debug|Any CPU.Build.0 = Debug|Any CPU
		{61126C1F-ADB1-46CA-B1DE-011B4CF27095}.Release|Any CPU.ActiveCfg = Release|Any CPU
		{61126C1F-ADB1-46CA-B1DE-011B4CF27095}.Release|Any CPU.Build.0 = Release|Any CPU
		{883C2CEC-0F16-4A31-BA72-04FA92B2085A}.Debug|Any CPU.ActiveCfg = Debug|Any CPU
		{883C2CEC-0F16-4A31-BA72-04FA92B2085A}.Debug|Any CPU.Build.0 = Debug|Any CPU
		{883C2CEC-0F16-4A31-BA72-04FA92B2085A}.Release|Any CPU.ActiveCfg = Release|Any CPU
		{883C2CEC-0F16-4A31-BA72-04FA92B2085A}.Release|Any CPU.Build.0 = Release|Any CPU
	EndGlobalSection
	GlobalSection(SolutionProperties) = preSolution
		HideSolutionNode = FALSE
	EndGlobalSection
	GlobalSection(ExtensibilityGlobals) = postSolution
		SolutionGuid = {F7052690-9217-4585-A648-871F557DA1DE}
	EndGlobalSection
EndGlobal
